// !$*UTF8*$!
{
	archiveVersion = 1;
	classes = {
	};
	objectVersion = 56;
	objects = {

/* Begin PBXBuildFile section */
		87A755F42DDFA5D900B0D5BF /* ToDoAppApp.swift in Sources */ = {isa = PBXBuildFile; fileRef = 87A755F32DDFA5D900B0D5BF /* ToDoAppApp.swift */; };
		87A755F62DDFA5D900B0D5BF /* ContentView.swift in Sources */ = {isa = PBXBuildFile; fileRef = 87A755F52DDFA5D900B0D5BF /* ContentView.swift */; };
		87A755F82DDFA5DB00B0D5BF /* Assets.xcassets in Resources */ = {isa = PBXBuildFile; fileRef = 87A755F72DDFA5DB00B0D5BF /* Assets.xcassets */; };
		87A755FB2DDFA5DB00B0D5BF /* Preview Assets.xcassets in Resources */ = {isa = PBXBuildFile; fileRef = 87A755FA2DDFA5DB00B0D5BF /* Preview Assets.xcassets */; };
		87A756052DDFA62900B0D5BF /* Modile.swift in Sources */ = {isa = PBXBuildFile; fileRef = 87A756042DDFA62900B0D5BF /* Modile.swift */; };
		87A756072DDFA65E00B0D5BF /* ViewModel.swift in Sources */ = {isa = PBXBuildFile; fileRef = 87A756062DDFA65E00B0D5BF /* ViewModel.swift */; };
		87A7560A2DDFAE2900B0D5BF /* 99B8DFD4-3946-4889-AA8C-40D6F2C8CDC2.jpeg in Resources */ = {isa = PBXBuildFile; fileRef = 87A756092DDFAE2900B0D5BF /* 99B8DFD4-3946-4889-AA8C-40D6F2C8CDC2.jpeg */; };
/* End PBXBuildFile section */

/* Begin PBXFileReference section */
		87A755F02DDFA5D900B0D5BF /* ToDoApp.app */ = {isa = PBXFileReference; explicitFileType = wrapper.application; includeInIndex = 0; path = ToDoApp.app; sourceTree = BUILT_PRODUCTS_DIR; };
		87A755F32DDFA5D900B0D5BF /* ToDoAppApp.swift */ = {isa = PBXFileReference; lastKnownFileType = sourcecode.swift; path = ToDoAppApp.swift; sourceTree = "<group>"; };
		87A755F52DDFA5D900B0D5BF /* ContentView.swift */ = {isa = PBXFileReference; lastKnownFileType = sourcecode.swift; path = ContentView.swift; sourceTree = "<group>"; };
		87A755F72DDFA5DB00B0D5BF /* Assets.xcassets */ = {isa = PBXFileReference; lastKnownFileType = folder.assetcatalog; path = Assets.xcassets; sourceTree = "<group>"; };
		87A755FA2DDFA5DB00B0D5BF /* Preview Assets.xcassets */ = {isa = PBXFileReference; lastKnownFileType = folder.assetcatalog; path = "Preview Assets.xcassets"; sourceTree = "<group>"; };
		87A756042DDFA62900B0D5BF /* Modile.swift */ = {isa = PBXFileReference; lastKnownFileType = sourcecode.swift; path = Modile.swift; sourceTree = "<group>"; };
		87A756062DDFA65E00B0D5BF /* ViewModel.swift */ = {isa = PBXFileReference; lastKnownFileType = sourcecode.swift; path = ViewModel.swift; sourceTree = "<group>"; };
		87A756092DDFAE2900B0D5BF /* 99B8DFD4-3946-4889-AA8C-40D6F2C8CDC2.jpeg */ = {isa = PBXFileReference; lastKnownFileType = image.jpeg; name = "99B8DFD4-3946-4889-AA8C-40D6F2C8CDC2.jpeg"; path = "../../../../../Pictures/Photos Library.photoslibrary/originals/9/99B8DFD4-3946-4889-AA8C-40D6F2C8CDC2.jpeg"; sourceTree = "<group>"; };
/* End PBXFileReference section */

/* Begin PBXFrameworksBuildPhase section */
		87A755ED2DDFA5D900B0D5BF /* Frameworks */ = {
			isa = PBXFrameworksBuildPhase;
			buildActionMask = 2147483647;
			files = (
			);
			runOnlyForDeploymentPostprocessing = 0;
		};
/* End PBXFrameworksBuildPhase section */

/* Begin PBXGroup section */
		87A755E72DDFA5D900B0D5BF = {
			isa = PBXGroup;
			children = (
				87A755F22DDFA5D900B0D5BF /* ToDoApp */,
				87A755F12DDFA5D900B0D5BF /* Products */,
			);
			sourceTree = "<group>";
		};
		87A755F12DDFA5D900B0D5BF /* Products */ = {
			isa = PBXGroup;
			children = (
				87A755F02DDFA5D900B0D5BF /* ToDoApp.app */,
			);
			name = Products;
			sourceTree = "<group>";
		};
		87A755F22DDFA5D900B0D5BF /* ToDoApp */ = {
			isa = PBXGroup;
			children = (
				87A756082DDFAE1400B0D5BF /* screnshots */,
				87A756032DDFA60300B0D5BF /* ViewModel */,
				87A756022DDFA5FB00B0D5BF /* View */,
				87A756012DDFA5F200B0D5BF /* Modile */,
				87A755F72DDFA5DB00B0D5BF /* Assets.xcassets */,
				87A755F92DDFA5DB00B0D5BF /* Preview Content */,
			);
			path = ToDoApp;
			sourceTree = "<group>";
		};
		87A755F92DDFA5DB00B0D5BF /* Preview Content */ = {
			isa = PBXGroup;
			children = (
				87A755FA2DDFA5DB00B0D5BF /* Preview Assets.xcassets */,
			);
			path = "Preview Content";
			sourceTree = "<group>";
		};
		87A756012DDFA5F200B0D5BF /* Modile */ = {
			isa = PBXGroup;
			children = (
				87A756042DDFA62900B0D5BF /* Modile.swift */,
			);
			path = Modile;
			sourceTree = "<group>";
		};
		87A756022DDFA5FB00B0D5BF /* View */ = {
			isa = PBXGroup;
			children = (
				87A755F32DDFA5D900B0D5BF /* ToDoAppApp.swift */,
				87A755F52DDFA5D900B0D5BF /* ContentView.swift */,
			);
			path = View;
			sourceTree = "<group>";
		};
		87A756032DDFA60300B0D5BF /* ViewModel */ = {
			isa = PBXGroup;
			children = (
				87A756062DDFA65E00B0D5BF /* ViewModel.swift */,
			);
			path = ViewModel;
			sourceTree = "<group>";
		};
		87A756082DDFAE1400B0D5BF /* screnshots */ = {
			isa = PBXGroup;
			children = (
				87A756092DDFAE2900B0D5BF /* 99B8DFD4-3946-4889-AA8C-40D6F2C8CDC2.jpeg */,
			);
			path = screnshots;
			sourceTree = "<group>";
		};
/* End PBXGroup section */

/* Begin PBXNativeTarget section */
		87A755EF2DDFA5D900B0D5BF /* ToDoApp */ = {
			isa = PBXNativeTarget;
			buildConfigurationList = 87A755FE2DDFA5DB00B0D5BF /* Build configuration list for PBXNativeTarget "ToDoApp" */;
			buildPhases = (
				87A755EC2DDFA5D900B0D5BF /* Sources */,
				87A755ED2DDFA5D900B0D5BF /* Frameworks */,
				87A755EE2DDFA5D900B0D5BF /* Resources */,
			);
			buildRules = (
			);
			dependencies = (
			);
			name = ToDoApp;
			productName = ToDoApp;
			productReference = 87A755F02DDFA5D900B0D5BF /* ToDoApp.app */;
			productType = "com.apple.product-type.application";
		};
/* End PBXNativeTarget section */

/* Begin PBXProject section */
		87A755E82DDFA5D900B0D5BF /* Project object */ = {
			isa = PBXProject;
			attributes = {
				BuildIndependentTargetsInParallel = 1;
				LastSwiftUpdateCheck = 1520;
				LastUpgradeCheck = 1520;
				TargetAttributes = {
					87A755EF2DDFA5D900B0D5BF = {
						CreatedOnToolsVersion = 15.2;
					};
				};
			};
			buildConfigurationList = 87A755EB2DDFA5D900B0D5BF /* Build configuration list for PBXProject "ToDoApp" */;
			compatibilityVersion = "Xcode 14.0";
			developmentRegion = en;
			hasScannedForEncodings = 0;
			knownRegions = (
				en,
				Base,
			);
			mainGroup = 87A755E72DDFA5D900B0D5BF;
			productRefGroup = 87A755F12DDFA5D900B0D5BF /* Products */;
			projectDirPath = "";
			projectRoot = "";
			targets = (
				87A755EF2DDFA5D900B0D5BF /* ToDoApp */,
			);
		};
/* End PBXProject section */

/* Begin PBXResourcesBuildPhase section */
		87A755EE2DDFA5D900B0D5BF /* Resources */ = {
			isa = PBXResourcesBuildPhase;
			buildActionMask = 2147483647;
			files = (
				87A755FB2DDFA5DB00B0D5BF /* Preview Assets.xcassets in Resources */,
				87A755F82DDFA5DB00B0D5BF /* Assets.xcassets in Resources */,
				87A7560A2DDFAE2900B0D5BF /* 99B8DFD4-3946-4889-AA8C-40D6F2C8CDC2.jpeg in Resources */,
			);
			runOnlyForDeploymentPostprocessing = 0;
		};
/* End PBXResourcesBuildPhase section */

/* Begin PBXSourcesBuildPhase section */
		87A755EC2DDFA5D900B0D5BF /* Sources */ = {
			isa = PBXSourcesBuildPhase;
			buildActionMask = 2147483647;
			files = (
				87A755F62DDFA5D900B0D5BF /* ContentView.swift in Sources */,
				87A755F42DDFA5D900B0D5BF /* ToDoAppApp.swift in Sources */,
				87A756072DDFA65E00B0D5BF /* ViewModel.swift in Sources */,
				87A756052DDFA62900B0D5BF /* Modile.swift in Sources */,
			);
			runOnlyForDeploymentPostprocessing = 0;
		};
/* End PBXSourcesBuildPhase section */

/* Begin XCBuildConfiguration section */
		87A755FC2DDFA5DB00B0D5BF /* Debug */ = {
			isa = XCBuildConfiguration;
			buildSettings = {
				ALWAYS_SEARCH_USER_PATHS = NO;
				ASSETCATALOG_COMPILER_GENERATE_SWIFT_ASSET_SYMBOL_EXTENSIONS = YES;
				CLANG_ANALYZER_NONNULL = YES;
				CLANG_ANALYZER_NUMBER_OBJECT_CONVERSION = YES_AGGRESSIVE;
				CLANG_CXX_LANGUAGE_STANDARD = "gnu++20";
				CLANG_ENABLE_MODULES = YES;
				CLANG_ENABLE_OBJC_ARC = YES;
				CLANG_ENABLE_OBJC_WEAK = YES;
				CLANG_WARN_BLOCK_CAPTURE_AUTORELEASING = YES;
				CLANG_WARN_BOOL_CONVERSION = YES;
				CLANG_WARN_COMMA = YES;
				CLANG_WARN_CONSTANT_CONVERSION = YES;
				CLANG_WARN_DEPRECATED_OBJC_IMPLEMENTATIONS = YES;
				CLANG_WARN_DIRECT_OBJC_ISA_USAGE = YES_ERROR;
				CLANG_WARN_DOCUMENTATION_COMMENTS = YES;
				CLANG_WARN_EMPTY_BODY = YES;
				CLANG_WARN_ENUM_CONVERSION = YES;
				CLANG_WARN_INFINITE_RECURSION = YES;
				CLANG_WARN_INT_CONVERSION = YES;
				CLANG_WARN_NON_LITERAL_NULL_CONVERSION = YES;
				CLANG_WARN_OBJC_IMPLICIT_RETAIN_SELF = YES;
				CLANG_WARN_OBJC_LITERAL_CONVERSION = YES;
				CLANG_WARN_OBJC_ROOT_CLASS = YES_ERROR;
				CLANG_WARN_QUOTED_INCLUDE_IN_FRAMEWORK_HEADER = YES;
				CLANG_WARN_RANGE_LOOP_ANALYSIS = YES;
				CLANG_WARN_STRICT_PROTOTYPES = YES;
				CLANG_WARN_SUSPICIOUS_MOVE = YES;
				CLANG_WARN_UNGUARDED_AVAILABILITY = YES_AGGRESSIVE;
				CLANG_WARN_UNREACHABLE_CODE = YES;
				CLANG_WARN__DUPLICATE_METHOD_MATCH = YES;
				COPY_PHASE_STRIP = NO;
				DEBUG_INFORMATION_FORMAT = dwarf;
				ENABLE_STRICT_OBJC_MSGSEND = YES;
				ENABLE_TESTABILITY = YES;
				ENABLE_USER_SCRIPT_SANDBOXING = YES;
				GCC_C_LANGUAGE_STANDARD = gnu17;
				GCC_DYNAMIC_NO_PIC = NO;
				GCC_NO_COMMON_BLOCKS = YES;
				GCC_OPTIMIZATION_LEVEL = 0;
				GCC_PREPROCESSOR_DEFINITIONS = (
					"DEBUG=1",
					"$(inherited)",
				);
				GCC_WARN_64_TO_32_BIT_CONVERSION = YES;
				GCC_WARN_ABOUT_RETURN_TYPE = YES_ERROR;
				GCC_WARN_UNDECLARED_SELECTOR = YES;
				GCC_WARN_UNINITIALIZED_AUTOS = YES_AGGRESSIVE;
				GCC_WARN_UNUSED_FUNCTION = YES;
				GCC_WARN_UNUSED_VARIABLE = YES;
				IPHONEOS_DEPLOYMENT_TARGET = 17.2;
				LOCALIZATION_PREFERS_STRING_CATALOGS = YES;
				MTL_ENABLE_DEBUG_INFO = INCLUDE_SOURCE;
				MTL_FAST_MATH = YES;
				ONLY_ACTIVE_ARCH = YES;
				SDKROOT = iphoneos;
				SWIFT_ACTIVE_COMPILATION_CONDITIONS = "DEBUG $(inherited)";
				SWIFT_OPTIMIZATION_LEVEL = "-Onone";
			};
			name = Debug;
		};
		87A755FD2DDFA5DB00B0D5BF /* Release */ = {
			isa = XCBuildConfiguration;
			buildSettings = {
				ALWAYS_SEARCH_USER_PATHS = NO;
				ASSETCATALOG_COMPILER_GENERATE_SWIFT_ASSET_SYMBOL_EXTENSIONS = YES;
				CLANG_ANALYZER_NONNULL = YES;
				CLANG_ANALYZER_NUMBER_OBJECT_CONVERSION = YES_AGGRESSIVE;
				CLANG_CXX_LANGUAGE_STANDARD = "gnu++20";
				CLANG_ENABLE_MODULES = YES;
				CLANG_ENABLE_OBJC_ARC = YES;
				CLANG_ENABLE_OBJC_WEAK = YES;
				CLANG_WARN_BLOCK_CAPTURE_AUTORELEASING = YES;
				CLANG_WARN_BOOL_CONVERSION = YES;
				CLANG_WARN_COMMA = YES;
				CLANG_WARN_CONSTANT_CONVERSION = YES;
				CLANG_WARN_DEPRECATED_OBJC_IMPLEMENTATIONS = YES;
				CLANG_WARN_DIRECT_OBJC_ISA_USAGE = YES_ERROR;
				CLANG_WARN_DOCUMENTATION_COMMENTS = YES;
				CLANG_WARN_EMPTY_BODY = YES;
				CLANG_WARN_ENUM_CONVERSION = YES;
				CLANG_WARN_INFINITE_RECURSION = YES;
				CLANG_WARN_INT_CONVERSION = YES;
				CLANG_WARN_NON_LITERAL_NULL_CONVERSION = YES;
				CLANG_WARN_OBJC_IMPLICIT_RETAIN_SELF = YES;
				CLANG_WARN_OBJC_LITERAL_CONVERSION = YES;
				CLANG_WARN_OBJC_ROOT_CLASS = YES_ERROR;
				CLANG_WARN_QUOTED_INCLUDE_IN_FRAMEWORK_HEADER = YES;
				CLANG_WARN_RANGE_LOOP_ANALYSIS = YES;
				CLANG_WARN_STRICT_PROTOTYPES = YES;
				CLANG_WARN_SUSPICIOUS_MOVE = YES;
				CLANG_WARN_UNGUARDED_AVAILABILITY = YES_AGGRESSIVE;
				CLANG_WARN_UNREACHABLE_CODE = YES;
				CLANG_WARN__DUPLICATE_METHOD_MATCH = YES;
				COPY_PHASE_STRIP = NO;
				DEBUG_INFORMATION_FORMAT = "dwarf-with-dsym";
				ENABLE_NS_ASSERTIONS = NO;
				ENABLE_STRICT_OBJC_MSGSEND = YES;
				ENABLE_USER_SCRIPT_SANDBOXING = YES;
				GCC_C_LANGUAGE_STANDARD = gnu17;
				GCC_NO_COMMON_BLOCKS = YES;
				GCC_WARN_64_TO_32_BIT_CONVERSION = YES;
				GCC_WARN_ABOUT_RETURN_TYPE = YES_ERROR;
				GCC_WARN_UNDECLARED_SELECTOR = YES;
				GCC_WARN_UNINITIALIZED_AUTOS = YES_AGGRESSIVE;
				GCC_WARN_UNUSED_FUNCTION = YES;
				GCC_WARN_UNUSED_VARIABLE = YES;
				IPHONEOS_DEPLOYMENT_TARGET = 17.2;
				LOCALIZATION_PREFERS_STRING_CATALOGS = YES;
				MTL_ENABLE_DEBUG_INFO = NO;
				MTL_FAST_MATH = YES;
				SDKROOT = iphoneos;
				SWIFT_COMPILATION_MODE = wholemodule;
				VALIDATE_PRODUCT = YES;
			};
			name = Release;
		};
		87A755FF2DDFA5DB00B0D5BF /* Debug */ = {
			isa = XCBuildConfiguration;
			buildSettings = {
				ASSETCATALOG_COMPILER_APPICON_NAME = AppIcon;
				ASSETCATALOG_COMPILER_GLOBAL_ACCENT_COLOR_NAME = AccentColor;
				CODE_SIGN_STYLE = Automatic;
				CURRENT_PROJECT_VERSION = 1;
				DEVELOPMENT_ASSET_PATHS = "\"ToDoApp/Preview Content\"";
				DEVELOPMENT_TEAM = 5N7U7GC72W;
				ENABLE_PREVIEWS = YES;
				GENERATE_INFOPLIST_FILE = YES;
				INFOPLIST_KEY_UIApplicationSceneManifest_Generation = YES;
				INFOPLIST_KEY_UIApplicationSupportsIndirectInputEvents = YES;
				INFOPLIST_KEY_UILaunchScreen_Generation = YES;
				INFOPLIST_KEY_UISupportedInterfaceOrientations_iPad = "UIInterfaceOrientationPortrait UIInterfaceOrientationPortraitUpsideDown UIInterfaceOrientationLandscapeLeft UIInterfaceOrientationLandscapeRight";
				INFOPLIST_KEY_UISupportedInterfaceOrientations_iPhone = "UIInterfaceOrientationPortrait UIInterfaceOrientationLandscapeLeft UIInterfaceOrientationLandscapeRight";
				LD_RUNPATH_SEARCH_PATHS = (
					"$(inherited)",
					"@executable_path/Frameworks",
				);
				MARKETING_VERSION = 1.0;
				PRODUCT_BUNDLE_IDENTIFIER = App.ToDoApp;
				PRODUCT_NAME = "$(TARGET_NAME)";
				SWIFT_EMIT_LOC_STRINGS = YES;
				SWIFT_VERSION = 5.0;
				TARGETED_DEVICE_FAMILY = "1,2";
			};
			name = Debug;
		};
		87A756002DDFA5DB00B0D5BF /* Release */ = {
			isa = XCBuildConfiguration;
			buildSettings = {
				ASSETCATALOG_COMPILER_APPICON_NAME = AppIcon;
				ASSETCATALOG_COMPILER_GLOBAL_ACCENT_COLOR_NAME = AccentColor;
				CODE_SIGN_STYLE = Automatic;
				CURRENT_PROJECT_VERSION = 1;
				DEVELOPMENT_ASSET_PATHS = "\"ToDoApp/Preview Content\"";
				DEVELOPMENT_TEAM = 5N7U7GC72W;
				ENABLE_PREVIEWS = YES;
				GENERATE_INFOPLIST_FILE = YES;
				INFOPLIST_KEY_UIApplicationSceneManifest_Generation = YES;
				INFOPLIST_KEY_UIApplicationSupportsIndirectInputEvents = YES;
				INFOPLIST_KEY_UILaunchScreen_Generation = YES;
				INFOPLIST_KEY_UISupportedInterfaceOrientations_iPad = "UIInterfaceOrientationPortrait UIInterfaceOrientationPortraitUpsideDown UIInterfaceOrientationLandscapeLeft UIInterfaceOrientationLandscapeRight";
				INFOPLIST_KEY_UISupportedInterfaceOrientations_iPhone = "UIInterfaceOrientationPortrait UIInterfaceOrientationLandscapeLeft UIInterfaceOrientationLandscapeRight";
				LD_RUNPATH_SEARCH_PATHS = (
					"$(inherited)",
					"@executable_path/Frameworks",
				);
				MARKETING_VERSION = 1.0;
				PRODUCT_BUNDLE_IDENTIFIER = App.ToDoApp;
				PRODUCT_NAME = "$(TARGET_NAME)";
				SWIFT_EMIT_LOC_STRINGS = YES;
				SWIFT_VERSION = 5.0;
				TARGETED_DEVICE_FAMILY = "1,2";
			};
			name = Release;
		};
/* End XCBuildConfiguration section */

/* Begin XCConfigurationList section */
		87A755EB2DDFA5D900B0D5BF /* Build configuration list for PBXProject "ToDoApp" */ = {
			isa = XCConfigurationList;
			buildConfigurations = (
				87A755FC2DDFA5DB00B0D5BF /* Debug */,
				87A755FD2DDFA5DB00B0D5BF /* Release */,
			);
			defaultConfigurationIsVisible = 0;
			defaultConfigurationName = Release;
		};
		87A755FE2DDFA5DB00B0D5BF /* Build configuration list for PBXNativeTarget "ToDoApp" */ = {
			isa = XCConfigurationList;
			buildConfigurations = (
				87A755FF2DDFA5DB00B0D5BF /* Debug */,
				87A756002DDFA5DB00B0D5BF /* Release */,
			);
			defaultConfigurationIsVisible = 0;
			defaultConfigurationName = Release;
		};
/* End XCConfigurationList section */
	};
	rootObject = 87A755E82DDFA5D900B0D5BF /* Project object */;
}
